// !$*UTF8*$!
{
	archiveVersion = 1;
	classes = {
	};
	objectVersion = 56;
	objects = {

/* Begin PBXBuildFile section */
		DC05577C2C1A0A2900A5D77B /* UniversalButton.swift in Sources */ = {isa = PBXBuildFile; fileRef = DC05577B2C1A0A2900A5D77B /* UniversalButton.swift */; };
		DC1246192C29F4720039F7C7 /* OpenScreenIntent.swift in Sources */ = {isa = PBXBuildFile; fileRef = DC1246182C29F4720039F7C7 /* OpenScreenIntent.swift */; };
		DC2944662C1ED9B400D31860 /* SFProDisplay-Bold.otf in Resources */ = {isa = PBXBuildFile; fileRef = DC2944542C1ED9B200D31860 /* SFProDisplay-Bold.otf */; };
		DC2944722C1ED9B400D31860 /* SFProDisplay-Regular.otf in Resources */ = {isa = PBXBuildFile; fileRef = DC2944602C1ED9B400D31860 /* SFProDisplay-Regular.otf */; };
		DC2944792C1EDFB100D31860 /* SFProDisplay-Semibold.otf in Resources */ = {isa = PBXBuildFile; fileRef = DC2944782C1EDFB100D31860 /* SFProDisplay-Semibold.otf */; };
		DC2944852C1F0BB900D31860 /* Localizable.xcstrings in Resources */ = {isa = PBXBuildFile; fileRef = DC2944842C1F0BB900D31860 /* Localizable.xcstrings */; };
		DC2944872C1F1B9F00D31860 /* Extensions+String.swift in Sources */ = {isa = PBXBuildFile; fileRef = DC2944862C1F1B9F00D31860 /* Extensions+String.swift */; };
		DC2944892C1F1E7500D31860 /* Extensions+Text.swift in Sources */ = {isa = PBXBuildFile; fileRef = DC2944882C1F1E7500D31860 /* Extensions+Text.swift */; };
		DC449BDF2C21B2B100ACA837 /* ContactsView_Cell.swift in Sources */ = {isa = PBXBuildFile; fileRef = DC449BDE2C21B2B100ACA837 /* ContactsView_Cell.swift */; };
		DC449BE12C21B3FA00ACA837 /* SearchBarView.swift in Sources */ = {isa = PBXBuildFile; fileRef = DC449BE02C21B3FA00ACA837 /* SearchBarView.swift */; };
		DC449BE32C21B5D700ACA837 /* ContactView_Model.swift in Sources */ = {isa = PBXBuildFile; fileRef = DC449BE22C21B5D700ACA837 /* ContactView_Model.swift */; };
		DC449BE52C21D94E00ACA837 /* ChatView.swift in Sources */ = {isa = PBXBuildFile; fileRef = DC449BE42C21D94E00ACA837 /* ChatView.swift */; };
		DC449BE72C21D95700ACA837 /* SettingsView.swift in Sources */ = {isa = PBXBuildFile; fileRef = DC449BE62C21D95700ACA837 /* SettingsView.swift */; };
		DC449BE92C21DBF400ACA837 /* CustomTabView.swift in Sources */ = {isa = PBXBuildFile; fileRef = DC449BE82C21DBF400ACA837 /* CustomTabView.swift */; };
		DC46E7352C2C236700B8500B /* Localizable.xcstrings in Resources */ = {isa = PBXBuildFile; fileRef = DC46E7342C2C236600B8500B /* Localizable.xcstrings */; };
		DC46E7372C2C257400B8500B /* ContactView_Model.swift in Sources */ = {isa = PBXBuildFile; fileRef = DC449BE22C21B5D700ACA837 /* ContactView_Model.swift */; };
		DC46E73B2C2C279F00B8500B /* Extensions+String.swift in Sources */ = {isa = PBXBuildFile; fileRef = DC46E73A2C2C279F00B8500B /* Extensions+String.swift */; };
		DC46E73D2C2C27AB00B8500B /* Extensions+Text.swift in Sources */ = {isa = PBXBuildFile; fileRef = DC46E73C2C2C27AB00B8500B /* Extensions+Text.swift */; };
		DC66638F2C1B2E3500350A45 /* Colors.xcassets in Resources */ = {isa = PBXBuildFile; fileRef = DC66638E2C1B2E3500350A45 /* Colors.xcassets */; };
		DC8FDD862C189316004F1C85 /* WBApp.swift in Sources */ = {isa = PBXBuildFile; fileRef = DC8FDD852C189316004F1C85 /* WBApp.swift */; };
		DC8FDD882C189316004F1C85 /* OnboardingView.swift in Sources */ = {isa = PBXBuildFile; fileRef = DC8FDD872C189316004F1C85 /* OnboardingView.swift */; };
		DC8FDD8A2C189317004F1C85 /* Images.xcassets in Resources */ = {isa = PBXBuildFile; fileRef = DC8FDD892C189317004F1C85 /* Images.xcassets */; };
		DC8FDD8D2C189317004F1C85 /* Preview Assets.xcassets in Resources */ = {isa = PBXBuildFile; fileRef = DC8FDD8C2C189317004F1C85 /* Preview Assets.xcassets */; };
		DCA5F0E92C1F25A3001BE726 /* ContactsView.swift in Sources */ = {isa = PBXBuildFile; fileRef = DCA5F0E82C1F25A3001BE726 /* ContactsView.swift */; };
		DCBC575A2C2432F0003265A0 /* Lato-Bold.ttf in Resources */ = {isa = PBXBuildFile; fileRef = DCBC57592C2432F0003265A0 /* Lato-Bold.ttf */; };
		DCBC575C2C246A3A003265A0 /* TabButton.swift in Sources */ = {isa = PBXBuildFile; fileRef = DCBC575B2C246A3A003265A0 /* TabButton.swift */; };
		DCDEF8552C2B42E7002E44B0 /* Router.swift in Sources */ = {isa = PBXBuildFile; fileRef = DCBC575D2C246AEC003265A0 /* Router.swift */; };
		DCDF787A2C209C88002C1205 /* ContactDetailsView.swift in Sources */ = {isa = PBXBuildFile; fileRef = DCDF78792C209C88002C1205 /* ContactDetailsView.swift */; };
		DCE270E42C2AE99C00FC0538 /* WidgetKit.framework in Frameworks */ = {isa = PBXBuildFile; fileRef = DCE270E32C2AE99C00FC0538 /* WidgetKit.framework */; };
		DCE270E62C2AE99C00FC0538 /* SwiftUI.framework in Frameworks */ = {isa = PBXBuildFile; fileRef = DCE270E52C2AE99C00FC0538 /* SwiftUI.framework */; };
		DCE270E92C2AE99C00FC0538 /* WBAppWidgetBundle.swift in Sources */ = {isa = PBXBuildFile; fileRef = DCE270E82C2AE99C00FC0538 /* WBAppWidgetBundle.swift */; };
		DCE270ED2C2AE99C00FC0538 /* WBAppWidget.swift in Sources */ = {isa = PBXBuildFile; fileRef = DCE270EC2C2AE99C00FC0538 /* WBAppWidget.swift */; };
		DCE270EF2C2AE99C00FC0538 /* AppIntent.swift in Sources */ = {isa = PBXBuildFile; fileRef = DCE270EE2C2AE99C00FC0538 /* AppIntent.swift */; };
		DCE270F12C2AE99E00FC0538 /* Images.xcassets in Resources */ = {isa = PBXBuildFile; fileRef = DCE270F02C2AE99E00FC0538 /* Images.xcassets */; };
		DCE270F52C2AE99E00FC0538 /* WBAppWidgetExtension.appex in Embed Foundation Extensions */ = {isa = PBXBuildFile; fileRef = DCE270E12C2AE99C00FC0538 /* WBAppWidgetExtension.appex */; settings = {ATTRIBUTES = (RemoveHeadersOnCopy, ); }; };
		DCE270FA2C2AE9CB00FC0538 /* WidgetKit.framework in Frameworks */ = {isa = PBXBuildFile; fileRef = DCE270E32C2AE99C00FC0538 /* WidgetKit.framework */; };
		DCE270FD2C2AEC8700FC0538 /* WBAppWidgetEntryView.swift in Sources */ = {isa = PBXBuildFile; fileRef = DCE270FB2C2AEC2B00FC0538 /* WBAppWidgetEntryView.swift */; };
/* End PBXBuildFile section */

/* Begin PBXContainerItemProxy section */
		DCE270F32C2AE99E00FC0538 /* PBXContainerItemProxy */ = {
			isa = PBXContainerItemProxy;
			containerPortal = DC8FDD7A2C189316004F1C85 /* Project object */;
			proxyType = 1;
			remoteGlobalIDString = DCE270E02C2AE99C00FC0538;
			remoteInfo = WBAppWidgetExtension;
		};
/* End PBXContainerItemProxy section */

/* Begin PBXCopyFilesBuildPhase section */
		DCE270F92C2AE99E00FC0538 /* Embed Foundation Extensions */ = {
			isa = PBXCopyFilesBuildPhase;
			buildActionMask = 2147483647;
			dstPath = "";
			dstSubfolderSpec = 13;
			files = (
				DCE270F52C2AE99E00FC0538 /* WBAppWidgetExtension.appex in Embed Foundation Extensions */,
			);
			name = "Embed Foundation Extensions";
			runOnlyForDeploymentPostprocessing = 0;
		};
/* End PBXCopyFilesBuildPhase section */

/* Begin PBXFileReference section */
		DC05577B2C1A0A2900A5D77B /* UniversalButton.swift */ = {isa = PBXFileReference; lastKnownFileType = sourcecode.swift; path = UniversalButton.swift; sourceTree = "<group>"; };
		DC1246182C29F4720039F7C7 /* OpenScreenIntent.swift */ = {isa = PBXFileReference; lastKnownFileType = sourcecode.swift; path = OpenScreenIntent.swift; sourceTree = "<group>"; };
		DC2944542C1ED9B200D31860 /* SFProDisplay-Bold.otf */ = {isa = PBXFileReference; lastKnownFileType = file; path = "SFProDisplay-Bold.otf"; sourceTree = "<group>"; };
		DC2944602C1ED9B400D31860 /* SFProDisplay-Regular.otf */ = {isa = PBXFileReference; lastKnownFileType = file; path = "SFProDisplay-Regular.otf"; sourceTree = "<group>"; };
		DC2944782C1EDFB100D31860 /* SFProDisplay-Semibold.otf */ = {isa = PBXFileReference; lastKnownFileType = file; path = "SFProDisplay-Semibold.otf"; sourceTree = "<group>"; };
		DC2944842C1F0BB900D31860 /* Localizable.xcstrings */ = {isa = PBXFileReference; lastKnownFileType = text.json.xcstrings; path = Localizable.xcstrings; sourceTree = "<group>"; };
		DC2944862C1F1B9F00D31860 /* Extensions+String.swift */ = {isa = PBXFileReference; lastKnownFileType = sourcecode.swift; path = "Extensions+String.swift"; sourceTree = "<group>"; };
		DC2944882C1F1E7500D31860 /* Extensions+Text.swift */ = {isa = PBXFileReference; lastKnownFileType = sourcecode.swift; path = "Extensions+Text.swift"; sourceTree = "<group>"; };
		DC449BDE2C21B2B100ACA837 /* ContactsView_Cell.swift */ = {isa = PBXFileReference; lastKnownFileType = sourcecode.swift; path = ContactsView_Cell.swift; sourceTree = "<group>"; };
		DC449BE02C21B3FA00ACA837 /* SearchBarView.swift */ = {isa = PBXFileReference; lastKnownFileType = sourcecode.swift; path = SearchBarView.swift; sourceTree = "<group>"; };
		DC449BE22C21B5D700ACA837 /* ContactView_Model.swift */ = {isa = PBXFileReference; lastKnownFileType = sourcecode.swift; path = ContactView_Model.swift; sourceTree = "<group>"; };
		DC449BE42C21D94E00ACA837 /* ChatView.swift */ = {isa = PBXFileReference; lastKnownFileType = sourcecode.swift; path = ChatView.swift; sourceTree = "<group>"; };
		DC449BE62C21D95700ACA837 /* SettingsView.swift */ = {isa = PBXFileReference; lastKnownFileType = sourcecode.swift; path = SettingsView.swift; sourceTree = "<group>"; };
		DC449BE82C21DBF400ACA837 /* CustomTabView.swift */ = {isa = PBXFileReference; lastKnownFileType = sourcecode.swift; path = CustomTabView.swift; sourceTree = "<group>"; };
		DC46E7342C2C236600B8500B /* Localizable.xcstrings */ = {isa = PBXFileReference; lastKnownFileType = text.json.xcstrings; path = Localizable.xcstrings; sourceTree = "<group>"; };
		DC46E73A2C2C279F00B8500B /* Extensions+String.swift */ = {isa = PBXFileReference; fileEncoding = 4; lastKnownFileType = sourcecode.swift; path = "Extensions+String.swift"; sourceTree = "<group>"; };
		DC46E73C2C2C27AB00B8500B /* Extensions+Text.swift */ = {isa = PBXFileReference; fileEncoding = 4; lastKnownFileType = sourcecode.swift; path = "Extensions+Text.swift"; sourceTree = "<group>"; };
		DC46E73F2C2C322300B8500B /* WBApp.entitlements */ = {isa = PBXFileReference; lastKnownFileType = text.plist.entitlements; path = WBApp.entitlements; sourceTree = "<group>"; };
		DC46E7402C2C326800B8500B /* WBAppWidgetExtension.entitlements */ = {isa = PBXFileReference; lastKnownFileType = text.plist.entitlements; path = WBAppWidgetExtension.entitlements; sourceTree = "<group>"; };
		DC65168E2C1B230100D49726 /* Info.plist */ = {isa = PBXFileReference; lastKnownFileType = text.plist.xml; path = Info.plist; sourceTree = "<group>"; };
		DC66638E2C1B2E3500350A45 /* Colors.xcassets */ = {isa = PBXFileReference; lastKnownFileType = folder.assetcatalog; path = Colors.xcassets; sourceTree = "<group>"; };
		DC8FDD822C189316004F1C85 /* WBApp.app */ = {isa = PBXFileReference; explicitFileType = wrapper.application; includeInIndex = 0; path = WBApp.app; sourceTree = BUILT_PRODUCTS_DIR; };
		DC8FDD852C189316004F1C85 /* WBApp.swift */ = {isa = PBXFileReference; lastKnownFileType = sourcecode.swift; path = WBApp.swift; sourceTree = "<group>"; };
		DC8FDD872C189316004F1C85 /* OnboardingView.swift */ = {isa = PBXFileReference; lastKnownFileType = sourcecode.swift; path = OnboardingView.swift; sourceTree = "<group>"; };
		DC8FDD892C189317004F1C85 /* Images.xcassets */ = {isa = PBXFileReference; lastKnownFileType = folder.assetcatalog; path = Images.xcassets; sourceTree = "<group>"; };
		DC8FDD8C2C189317004F1C85 /* Preview Assets.xcassets */ = {isa = PBXFileReference; lastKnownFileType = folder.assetcatalog; path = "Preview Assets.xcassets"; sourceTree = "<group>"; };
		DCA5F0E82C1F25A3001BE726 /* ContactsView.swift */ = {isa = PBXFileReference; lastKnownFileType = sourcecode.swift; path = ContactsView.swift; sourceTree = "<group>"; };
		DCBC57592C2432F0003265A0 /* Lato-Bold.ttf */ = {isa = PBXFileReference; lastKnownFileType = file; path = "Lato-Bold.ttf"; sourceTree = "<group>"; };
		DCBC575B2C246A3A003265A0 /* TabButton.swift */ = {isa = PBXFileReference; lastKnownFileType = sourcecode.swift; path = TabButton.swift; sourceTree = "<group>"; };
		DCBC575D2C246AEC003265A0 /* Router.swift */ = {isa = PBXFileReference; lastKnownFileType = sourcecode.swift; path = Router.swift; sourceTree = "<group>"; };
		DCDA35212C314A890093FACB /* 5-HW-Bank.playground */ = {isa = PBXFileReference; lastKnownFileType = file.playground; path = "5-HW-Bank.playground"; sourceTree = "<group>"; xcLanguageSpecificationIdentifier = xcode.lang.swift; };
		DCDF78792C209C88002C1205 /* ContactDetailsView.swift */ = {isa = PBXFileReference; lastKnownFileType = sourcecode.swift; path = ContactDetailsView.swift; sourceTree = "<group>"; };
		DCE270E12C2AE99C00FC0538 /* WBAppWidgetExtension.appex */ = {isa = PBXFileReference; explicitFileType = "wrapper.app-extension"; includeInIndex = 0; path = WBAppWidgetExtension.appex; sourceTree = BUILT_PRODUCTS_DIR; };
		DCE270E32C2AE99C00FC0538 /* WidgetKit.framework */ = {isa = PBXFileReference; lastKnownFileType = wrapper.framework; name = WidgetKit.framework; path = System/Library/Frameworks/WidgetKit.framework; sourceTree = SDKROOT; };
		DCE270E52C2AE99C00FC0538 /* SwiftUI.framework */ = {isa = PBXFileReference; lastKnownFileType = wrapper.framework; name = SwiftUI.framework; path = System/Library/Frameworks/SwiftUI.framework; sourceTree = SDKROOT; };
		DCE270E82C2AE99C00FC0538 /* WBAppWidgetBundle.swift */ = {isa = PBXFileReference; lastKnownFileType = sourcecode.swift; path = WBAppWidgetBundle.swift; sourceTree = "<group>"; };
		DCE270EC2C2AE99C00FC0538 /* WBAppWidget.swift */ = {isa = PBXFileReference; lastKnownFileType = sourcecode.swift; path = WBAppWidget.swift; sourceTree = "<group>"; };
		DCE270EE2C2AE99C00FC0538 /* AppIntent.swift */ = {isa = PBXFileReference; lastKnownFileType = sourcecode.swift; path = AppIntent.swift; sourceTree = "<group>"; };
		DCE270F02C2AE99E00FC0538 /* Images.xcassets */ = {isa = PBXFileReference; lastKnownFileType = folder.assetcatalog; path = Images.xcassets; sourceTree = "<group>"; };
		DCE270F22C2AE99E00FC0538 /* Info.plist */ = {isa = PBXFileReference; lastKnownFileType = text.plist.xml; path = Info.plist; sourceTree = "<group>"; };
		DCE270FB2C2AEC2B00FC0538 /* WBAppWidgetEntryView.swift */ = {isa = PBXFileReference; lastKnownFileType = sourcecode.swift; path = WBAppWidgetEntryView.swift; sourceTree = "<group>"; };
/* End PBXFileReference section */

/* Begin PBXFrameworksBuildPhase section */
		DC8FDD7F2C189316004F1C85 /* Frameworks */ = {
			isa = PBXFrameworksBuildPhase;
			buildActionMask = 2147483647;
			files = (
				DCE270FA2C2AE9CB00FC0538 /* WidgetKit.framework in Frameworks */,
			);
			runOnlyForDeploymentPostprocessing = 0;
		};
		DCE270DE2C2AE99C00FC0538 /* Frameworks */ = {
			isa = PBXFrameworksBuildPhase;
			buildActionMask = 2147483647;
			files = (
				DCE270E62C2AE99C00FC0538 /* SwiftUI.framework in Frameworks */,
				DCE270E42C2AE99C00FC0538 /* WidgetKit.framework in Frameworks */,
			);
			runOnlyForDeploymentPostprocessing = 0;
		};
/* End PBXFrameworksBuildPhase section */

/* Begin PBXGroup section */
		DC0E06942C1ED17C00345686 /* Fonts */ = {
			isa = PBXGroup;
			children = (
				DC2944542C1ED9B200D31860 /* SFProDisplay-Bold.otf */,
				DC2944602C1ED9B400D31860 /* SFProDisplay-Regular.otf */,
				DC2944782C1EDFB100D31860 /* SFProDisplay-Semibold.otf */,
				DCBC57592C2432F0003265A0 /* Lato-Bold.ttf */,
			);
			path = Fonts;
			sourceTree = "<group>";
		};
		DC1246172C29F3BB0039F7C7 /* Intents */ = {
			isa = PBXGroup;
			children = (
				DC1246182C29F4720039F7C7 /* OpenScreenIntent.swift */,
			);
			path = Intents;
			sourceTree = "<group>";
		};
		DC1C293A2C232833001507F4 /* UniversalButton */ = {
			isa = PBXGroup;
			children = (
				DC05577B2C1A0A2900A5D77B /* UniversalButton.swift */,
			);
			path = UniversalButton;
			sourceTree = "<group>";
		};
		DC1C293D2C23286B001507F4 /* CustomUI */ = {
			isa = PBXGroup;
			children = (
				DCBC57652C24CB07003265A0 /* SearchBar */,
				DC1C293A2C232833001507F4 /* UniversalButton */,
				DCBC57642C24CAB9003265A0 /* Tab */,
			);
			path = CustomUI;
			sourceTree = "<group>";
		};
		DC29447E2C1EF14F00D31860 /* Colors */ = {
			isa = PBXGroup;
			children = (
				DC66638E2C1B2E3500350A45 /* Colors.xcassets */,
			);
			path = Colors;
			sourceTree = "<group>";
		};
		DC29447F2C1EF15D00D31860 /* Images */ = {
			isa = PBXGroup;
			children = (
				DC8FDD892C189317004F1C85 /* Images.xcassets */,
			);
			path = Images;
			sourceTree = "<group>";
		};
		DC46E73E2C2C27D100B8500B /* Extensions */ = {
			isa = PBXGroup;
			children = (
				DC46E73C2C2C27AB00B8500B /* Extensions+Text.swift */,
				DC46E73A2C2C279F00B8500B /* Extensions+String.swift */,
			);
			path = Extensions;
			sourceTree = "<group>";
		};
		DC7A78662C2CA9B00042E0DC /* Resources */ = {
			isa = PBXGroup;
			children = (
				DC7A78682C2CA9CF0042E0DC /* String */,
				DC7A78672C2CA9C00042E0DC /* Images */,
			);
			path = Resources;
			sourceTree = "<group>";
		};
		DC7A78672C2CA9C00042E0DC /* Images */ = {
			isa = PBXGroup;
			children = (
				DCE270F02C2AE99E00FC0538 /* Images.xcassets */,
			);
			path = Images;
			sourceTree = "<group>";
		};
		DC7A78682C2CA9CF0042E0DC /* String */ = {
			isa = PBXGroup;
			children = (
				DC46E7342C2C236600B8500B /* Localizable.xcstrings */,
			);
			path = String;
			sourceTree = "<group>";
		};
		DC8FDD792C189316004F1C85 = {
			isa = PBXGroup;
			children = (
				DC46E7402C2C326800B8500B /* WBAppWidgetExtension.entitlements */,
				DC8FDD842C189316004F1C85 /* WBApp */,
				DCE270E72C2AE99C00FC0538 /* WBAppWidget */,
				DCE270E22C2AE99C00FC0538 /* Frameworks */,
				DCDA35222C314A9E0093FACB /* 5-HW-Bank */,
				DC8FDD832C189316004F1C85 /* Products */,
			);
			sourceTree = "<group>";
		};
		DC8FDD832C189316004F1C85 /* Products */ = {
			isa = PBXGroup;
			children = (
				DC8FDD822C189316004F1C85 /* WBApp.app */,
				DCE270E12C2AE99C00FC0538 /* WBAppWidgetExtension.appex */,
			);
			name = Products;
			sourceTree = "<group>";
		};
		DC8FDD842C189316004F1C85 /* WBApp */ = {
			isa = PBXGroup;
			children = (
				DC46E73F2C2C322300B8500B /* WBApp.entitlements */,
				DC8FDD852C189316004F1C85 /* WBApp.swift */,
				DC1246172C29F3BB0039F7C7 /* Intents */,
				DCA5F0EA2C1F4A69001BE726 /* Resources */,
				DCBC57612C24C9A6003265A0 /* Screens */,
				DCA5F0EB2C1F4B56001BE726 /* Extensions */,
				DC1C293D2C23286B001507F4 /* CustomUI */,
				DCBC575F2C247AF3003265A0 /* Router */,
				DC65168E2C1B230100D49726 /* Info.plist */,
				DC8FDD8B2C189317004F1C85 /* Preview Content */,
			);
			path = WBApp;
			sourceTree = "<group>";
		};
		DC8FDD8B2C189317004F1C85 /* Preview Content */ = {
			isa = PBXGroup;
			children = (
				DC8FDD8C2C189317004F1C85 /* Preview Assets.xcassets */,
			);
			path = "Preview Content";
			sourceTree = "<group>";
		};
		DCA5F0EA2C1F4A69001BE726 /* Resources */ = {
			isa = PBXGroup;
			children = (
				DCBC57662C24CCF2003265A0 /* String */,
				DC29447E2C1EF14F00D31860 /* Colors */,
				DC0E06942C1ED17C00345686 /* Fonts */,
				DC29447F2C1EF15D00D31860 /* Images */,
			);
			path = Resources;
			sourceTree = "<group>";
		};
		DCA5F0EB2C1F4B56001BE726 /* Extensions */ = {
			isa = PBXGroup;
			children = (
				DC2944882C1F1E7500D31860 /* Extensions+Text.swift */,
				DC2944862C1F1B9F00D31860 /* Extensions+String.swift */,
			);
			path = Extensions;
			sourceTree = "<group>";
		};
		DCBC575F2C247AF3003265A0 /* Router */ = {
			isa = PBXGroup;
			children = (
				DCBC575D2C246AEC003265A0 /* Router.swift */,
			);
			path = Router;
			sourceTree = "<group>";
		};
		DCBC57612C24C9A6003265A0 /* Screens */ = {
			isa = PBXGroup;
			children = (
				DCBC576F2C24CE76003265A0 /* ContactDetailsView */,
				DCBC576E2C24CE6A003265A0 /* OnboardingView */,
				DCBC576D2C24CE60003265A0 /* SettingsView */,
				DCBC576C2C24CE4E003265A0 /* ChatView */,
				DCBC57622C24CA24003265A0 /* Contacts */,
			);
			path = Screens;
			sourceTree = "<group>";
		};
		DCBC57622C24CA24003265A0 /* Contacts */ = {
			isa = PBXGroup;
			children = (
				DCBC57632C24CA40003265A0 /* Cell */,
				DCA5F0E82C1F25A3001BE726 /* ContactsView.swift */,
			);
			path = Contacts;
			sourceTree = "<group>";
		};
		DCBC57632C24CA40003265A0 /* Cell */ = {
			isa = PBXGroup;
			children = (
				DC449BE22C21B5D700ACA837 /* ContactView_Model.swift */,
				DC449BDE2C21B2B100ACA837 /* ContactsView_Cell.swift */,
			);
			path = Cell;
			sourceTree = "<group>";
		};
		DCBC57642C24CAB9003265A0 /* Tab */ = {
			isa = PBXGroup;
			children = (
				DCBC575B2C246A3A003265A0 /* TabButton.swift */,
				DC449BE82C21DBF400ACA837 /* CustomTabView.swift */,
			);
			path = Tab;
			sourceTree = "<group>";
		};
		DCBC57652C24CB07003265A0 /* SearchBar */ = {
			isa = PBXGroup;
			children = (
				DC449BE02C21B3FA00ACA837 /* SearchBarView.swift */,
			);
			path = SearchBar;
			sourceTree = "<group>";
		};
		DCBC57662C24CCF2003265A0 /* String */ = {
			isa = PBXGroup;
			children = (
				DC2944842C1F0BB900D31860 /* Localizable.xcstrings */,
			);
			path = String;
			sourceTree = "<group>";
		};
		DCBC576C2C24CE4E003265A0 /* ChatView */ = {
			isa = PBXGroup;
			children = (
				DC449BE42C21D94E00ACA837 /* ChatView.swift */,
			);
			path = ChatView;
			sourceTree = "<group>";
		};
		DCBC576D2C24CE60003265A0 /* SettingsView */ = {
			isa = PBXGroup;
			children = (
				DC449BE62C21D95700ACA837 /* SettingsView.swift */,
			);
			path = SettingsView;
			sourceTree = "<group>";
		};
		DCBC576E2C24CE6A003265A0 /* OnboardingView */ = {
			isa = PBXGroup;
			children = (
				DC8FDD872C189316004F1C85 /* OnboardingView.swift */,
			);
			path = OnboardingView;
			sourceTree = "<group>";
		};
		DCBC576F2C24CE76003265A0 /* ContactDetailsView */ = {
			isa = PBXGroup;
			children = (
				DCDF78792C209C88002C1205 /* ContactDetailsView.swift */,
			);
			path = ContactDetailsView;
			sourceTree = "<group>";
		};
		DCDA35222C314A9E0093FACB /* 5-HW-Bank */ = {
			isa = PBXGroup;
			children = (
				DCDA35212C314A890093FACB /* 5-HW-Bank.playground */,
			);
			path = "5-HW-Bank";
			sourceTree = "<group>";
		};
		DCE270E22C2AE99C00FC0538 /* Frameworks */ = {
			isa = PBXGroup;
			children = (
				DCE270E32C2AE99C00FC0538 /* WidgetKit.framework */,
				DCE270E52C2AE99C00FC0538 /* SwiftUI.framework */,
			);
			name = Frameworks;
			sourceTree = "<group>";
		};
		DCE270E72C2AE99C00FC0538 /* WBAppWidget */ = {
			isa = PBXGroup;
			children = (
				DCE270E82C2AE99C00FC0538 /* WBAppWidgetBundle.swift */,
				DCE270EC2C2AE99C00FC0538 /* WBAppWidget.swift */,
				DCE270EE2C2AE99C00FC0538 /* AppIntent.swift */,
				DCE270FB2C2AEC2B00FC0538 /* WBAppWidgetEntryView.swift */,
				DC46E73E2C2C27D100B8500B /* Extensions */,
				DC7A78662C2CA9B00042E0DC /* Resources */,
				DCE270F22C2AE99E00FC0538 /* Info.plist */,
			);
			path = WBAppWidget;
			sourceTree = "<group>";
		};
/* End PBXGroup section */

/* Begin PBXNativeTarget section */
		DC8FDD812C189316004F1C85 /* WBApp */ = {
			isa = PBXNativeTarget;
			buildConfigurationList = DC8FDD902C189317004F1C85 /* Build configuration list for PBXNativeTarget "WBApp" */;
			buildPhases = (
				DC8FDD7E2C189316004F1C85 /* Sources */,
				DC8FDD7F2C189316004F1C85 /* Frameworks */,
				DC8FDD802C189316004F1C85 /* Resources */,
				DCE270F92C2AE99E00FC0538 /* Embed Foundation Extensions */,
			);
			buildRules = (
			);
			dependencies = (
				DCE270F42C2AE99E00FC0538 /* PBXTargetDependency */,
			);
			name = WBApp;
			productName = WBApp;
			productReference = DC8FDD822C189316004F1C85 /* WBApp.app */;
			productType = "com.apple.product-type.application";
		};
		DCE270E02C2AE99C00FC0538 /* WBAppWidgetExtension */ = {
			isa = PBXNativeTarget;
			buildConfigurationList = DCE270F62C2AE99E00FC0538 /* Build configuration list for PBXNativeTarget "WBAppWidgetExtension" */;
			buildPhases = (
				DCE270DD2C2AE99C00FC0538 /* Sources */,
				DCE270DE2C2AE99C00FC0538 /* Frameworks */,
				DCE270DF2C2AE99C00FC0538 /* Resources */,
			);
			buildRules = (
			);
			dependencies = (
			);
			name = WBAppWidgetExtension;
			productName = WBAppWidgetExtension;
			productReference = DCE270E12C2AE99C00FC0538 /* WBAppWidgetExtension.appex */;
			productType = "com.apple.product-type.app-extension";
		};
/* End PBXNativeTarget section */

/* Begin PBXProject section */
		DC8FDD7A2C189316004F1C85 /* Project object */ = {
			isa = PBXProject;
			attributes = {
				BuildIndependentTargetsInParallel = 1;
				LastSwiftUpdateCheck = 1540;
				LastUpgradeCheck = 1540;
				TargetAttributes = {
					DC8FDD812C189316004F1C85 = {
						CreatedOnToolsVersion = 15.4;
					};
					DCE270E02C2AE99C00FC0538 = {
						CreatedOnToolsVersion = 15.4;
					};
				};
			};
			buildConfigurationList = DC8FDD7D2C189316004F1C85 /* Build configuration list for PBXProject "WBApp" */;
			compatibilityVersion = "Xcode 14.0";
			developmentRegion = ru;
			hasScannedForEncodings = 0;
			knownRegions = (
				Base,
				ru,
			);
			mainGroup = DC8FDD792C189316004F1C85;
			productRefGroup = DC8FDD832C189316004F1C85 /* Products */;
			projectDirPath = "";
			projectRoot = "";
			targets = (
				DC8FDD812C189316004F1C85 /* WBApp */,
				DCE270E02C2AE99C00FC0538 /* WBAppWidgetExtension */,
			);
		};
/* End PBXProject section */

/* Begin PBXResourcesBuildPhase section */
		DC8FDD802C189316004F1C85 /* Resources */ = {
			isa = PBXResourcesBuildPhase;
			buildActionMask = 2147483647;
			files = (
				DC2944792C1EDFB100D31860 /* SFProDisplay-Semibold.otf in Resources */,
				DC66638F2C1B2E3500350A45 /* Colors.xcassets in Resources */,
				DC8FDD8D2C189317004F1C85 /* Preview Assets.xcassets in Resources */,
				DC2944662C1ED9B400D31860 /* SFProDisplay-Bold.otf in Resources */,
				DC8FDD8A2C189317004F1C85 /* Images.xcassets in Resources */,
				DC2944852C1F0BB900D31860 /* Localizable.xcstrings in Resources */,
				DC2944722C1ED9B400D31860 /* SFProDisplay-Regular.otf in Resources */,
				DCBC575A2C2432F0003265A0 /* Lato-Bold.ttf in Resources */,
			);
			runOnlyForDeploymentPostprocessing = 0;
		};
		DCE270DF2C2AE99C00FC0538 /* Resources */ = {
			isa = PBXResourcesBuildPhase;
			buildActionMask = 2147483647;
			files = (
				DC46E7352C2C236700B8500B /* Localizable.xcstrings in Resources */,
				DCE270F12C2AE99E00FC0538 /* Images.xcassets in Resources */,
			);
			runOnlyForDeploymentPostprocessing = 0;
		};
/* End PBXResourcesBuildPhase section */

/* Begin PBXSourcesBuildPhase section */
		DC8FDD7E2C189316004F1C85 /* Sources */ = {
			isa = PBXSourcesBuildPhase;
			buildActionMask = 2147483647;
			files = (
				DC2944872C1F1B9F00D31860 /* Extensions+String.swift in Sources */,
				DC2944892C1F1E7500D31860 /* Extensions+Text.swift in Sources */,
				DC449BE92C21DBF400ACA837 /* CustomTabView.swift in Sources */,
				DC449BDF2C21B2B100ACA837 /* ContactsView_Cell.swift in Sources */,
				DCDF787A2C209C88002C1205 /* ContactDetailsView.swift in Sources */,
				DC449BE52C21D94E00ACA837 /* ChatView.swift in Sources */,
				DC05577C2C1A0A2900A5D77B /* UniversalButton.swift in Sources */,
				DC1246192C29F4720039F7C7 /* OpenScreenIntent.swift in Sources */,
				DCDEF8552C2B42E7002E44B0 /* Router.swift in Sources */,
				DC449BE12C21B3FA00ACA837 /* SearchBarView.swift in Sources */,
				DCA5F0E92C1F25A3001BE726 /* ContactsView.swift in Sources */,
				DC8FDD882C189316004F1C85 /* OnboardingView.swift in Sources */,
				DC449BE72C21D95700ACA837 /* SettingsView.swift in Sources */,
				DC449BE32C21B5D700ACA837 /* ContactView_Model.swift in Sources */,
				DC8FDD862C189316004F1C85 /* WBApp.swift in Sources */,
				DCBC575C2C246A3A003265A0 /* TabButton.swift in Sources */,
			);
			runOnlyForDeploymentPostprocessing = 0;
		};
		DCE270DD2C2AE99C00FC0538 /* Sources */ = {
			isa = PBXSourcesBuildPhase;
			buildActionMask = 2147483647;
			files = (
				DC46E7372C2C257400B8500B /* ContactView_Model.swift in Sources */,
				DCE270FD2C2AEC8700FC0538 /* WBAppWidgetEntryView.swift in Sources */,
				DC46E73B2C2C279F00B8500B /* Extensions+String.swift in Sources */,
				DC46E73D2C2C27AB00B8500B /* Extensions+Text.swift in Sources */,
				DCE270ED2C2AE99C00FC0538 /* WBAppWidget.swift in Sources */,
				DCE270EF2C2AE99C00FC0538 /* AppIntent.swift in Sources */,
				DCE270E92C2AE99C00FC0538 /* WBAppWidgetBundle.swift in Sources */,
			);
			runOnlyForDeploymentPostprocessing = 0;
		};
/* End PBXSourcesBuildPhase section */

/* Begin PBXTargetDependency section */
		DCE270F42C2AE99E00FC0538 /* PBXTargetDependency */ = {
			isa = PBXTargetDependency;
			target = DCE270E02C2AE99C00FC0538 /* WBAppWidgetExtension */;
			targetProxy = DCE270F32C2AE99E00FC0538 /* PBXContainerItemProxy */;
		};
/* End PBXTargetDependency section */

/* Begin XCBuildConfiguration section */
		DC8FDD8E2C189317004F1C85 /* Debug */ = {
			isa = XCBuildConfiguration;
			buildSettings = {
				ALWAYS_SEARCH_USER_PATHS = NO;
				ASSETCATALOG_COMPILER_GENERATE_SWIFT_ASSET_SYMBOL_EXTENSIONS = YES;
				CLANG_ANALYZER_NONNULL = YES;
				CLANG_ANALYZER_NUMBER_OBJECT_CONVERSION = YES_AGGRESSIVE;
				CLANG_CXX_LANGUAGE_STANDARD = "gnu++20";
				CLANG_ENABLE_MODULES = YES;
				CLANG_ENABLE_OBJC_ARC = YES;
				CLANG_ENABLE_OBJC_WEAK = YES;
				CLANG_WARN_BLOCK_CAPTURE_AUTORELEASING = YES;
				CLANG_WARN_BOOL_CONVERSION = YES;
				CLANG_WARN_COMMA = YES;
				CLANG_WARN_CONSTANT_CONVERSION = YES;
				CLANG_WARN_DEPRECATED_OBJC_IMPLEMENTATIONS = YES;
				CLANG_WARN_DIRECT_OBJC_ISA_USAGE = YES_ERROR;
				CLANG_WARN_DOCUMENTATION_COMMENTS = YES;
				CLANG_WARN_EMPTY_BODY = YES;
				CLANG_WARN_ENUM_CONVERSION = YES;
				CLANG_WARN_INFINITE_RECURSION = YES;
				CLANG_WARN_INT_CONVERSION = YES;
				CLANG_WARN_NON_LITERAL_NULL_CONVERSION = YES;
				CLANG_WARN_OBJC_IMPLICIT_RETAIN_SELF = YES;
				CLANG_WARN_OBJC_LITERAL_CONVERSION = YES;
				CLANG_WARN_OBJC_ROOT_CLASS = YES_ERROR;
				CLANG_WARN_QUOTED_INCLUDE_IN_FRAMEWORK_HEADER = YES;
				CLANG_WARN_RANGE_LOOP_ANALYSIS = YES;
				CLANG_WARN_STRICT_PROTOTYPES = YES;
				CLANG_WARN_SUSPICIOUS_MOVE = YES;
				CLANG_WARN_UNGUARDED_AVAILABILITY = YES_AGGRESSIVE;
				CLANG_WARN_UNREACHABLE_CODE = YES;
				CLANG_WARN__DUPLICATE_METHOD_MATCH = YES;
				COPY_PHASE_STRIP = NO;
				DEBUG_INFORMATION_FORMAT = dwarf;
				ENABLE_STRICT_OBJC_MSGSEND = YES;
				ENABLE_TESTABILITY = YES;
				ENABLE_USER_SCRIPT_SANDBOXING = YES;
				GCC_C_LANGUAGE_STANDARD = gnu17;
				GCC_DYNAMIC_NO_PIC = NO;
				GCC_NO_COMMON_BLOCKS = YES;
				GCC_OPTIMIZATION_LEVEL = 0;
				GCC_PREPROCESSOR_DEFINITIONS = (
					"DEBUG=1",
					"$(inherited)",
				);
				GCC_WARN_64_TO_32_BIT_CONVERSION = YES;
				GCC_WARN_ABOUT_RETURN_TYPE = YES_ERROR;
				GCC_WARN_UNDECLARED_SELECTOR = YES;
				GCC_WARN_UNINITIALIZED_AUTOS = YES_AGGRESSIVE;
				GCC_WARN_UNUSED_FUNCTION = YES;
				GCC_WARN_UNUSED_VARIABLE = YES;
				IPHONEOS_DEPLOYMENT_TARGET = 16.0;
				LOCALIZATION_PREFERS_STRING_CATALOGS = YES;
				MTL_ENABLE_DEBUG_INFO = INCLUDE_SOURCE;
				MTL_FAST_MATH = YES;
				ONLY_ACTIVE_ARCH = YES;
				SDKROOT = iphoneos;
				SWIFT_ACTIVE_COMPILATION_CONDITIONS = "DEBUG $(inherited)";
				SWIFT_OPTIMIZATION_LEVEL = "-Onone";
			};
			name = Debug;
		};
		DC8FDD8F2C189317004F1C85 /* Release */ = {
			isa = XCBuildConfiguration;
			buildSettings = {
				ALWAYS_SEARCH_USER_PATHS = NO;
				ASSETCATALOG_COMPILER_GENERATE_SWIFT_ASSET_SYMBOL_EXTENSIONS = YES;
				CLANG_ANALYZER_NONNULL = YES;
				CLANG_ANALYZER_NUMBER_OBJECT_CONVERSION = YES_AGGRESSIVE;
				CLANG_CXX_LANGUAGE_STANDARD = "gnu++20";
				CLANG_ENABLE_MODULES = YES;
				CLANG_ENABLE_OBJC_ARC = YES;
				CLANG_ENABLE_OBJC_WEAK = YES;
				CLANG_WARN_BLOCK_CAPTURE_AUTORELEASING = YES;
				CLANG_WARN_BOOL_CONVERSION = YES;
				CLANG_WARN_COMMA = YES;
				CLANG_WARN_CONSTANT_CONVERSION = YES;
				CLANG_WARN_DEPRECATED_OBJC_IMPLEMENTATIONS = YES;
				CLANG_WARN_DIRECT_OBJC_ISA_USAGE = YES_ERROR;
				CLANG_WARN_DOCUMENTATION_COMMENTS = YES;
				CLANG_WARN_EMPTY_BODY = YES;
				CLANG_WARN_ENUM_CONVERSION = YES;
				CLANG_WARN_INFINITE_RECURSION = YES;
				CLANG_WARN_INT_CONVERSION = YES;
				CLANG_WARN_NON_LITERAL_NULL_CONVERSION = YES;
				CLANG_WARN_OBJC_IMPLICIT_RETAIN_SELF = YES;
				CLANG_WARN_OBJC_LITERAL_CONVERSION = YES;
				CLANG_WARN_OBJC_ROOT_CLASS = YES_ERROR;
				CLANG_WARN_QUOTED_INCLUDE_IN_FRAMEWORK_HEADER = YES;
				CLANG_WARN_RANGE_LOOP_ANALYSIS = YES;
				CLANG_WARN_STRICT_PROTOTYPES = YES;
				CLANG_WARN_SUSPICIOUS_MOVE = YES;
				CLANG_WARN_UNGUARDED_AVAILABILITY = YES_AGGRESSIVE;
				CLANG_WARN_UNREACHABLE_CODE = YES;
				CLANG_WARN__DUPLICATE_METHOD_MATCH = YES;
				COPY_PHASE_STRIP = NO;
				DEBUG_INFORMATION_FORMAT = "dwarf-with-dsym";
				ENABLE_NS_ASSERTIONS = NO;
				ENABLE_STRICT_OBJC_MSGSEND = YES;
				ENABLE_USER_SCRIPT_SANDBOXING = YES;
				GCC_C_LANGUAGE_STANDARD = gnu17;
				GCC_NO_COMMON_BLOCKS = YES;
				GCC_WARN_64_TO_32_BIT_CONVERSION = YES;
				GCC_WARN_ABOUT_RETURN_TYPE = YES_ERROR;
				GCC_WARN_UNDECLARED_SELECTOR = YES;
				GCC_WARN_UNINITIALIZED_AUTOS = YES_AGGRESSIVE;
				GCC_WARN_UNUSED_FUNCTION = YES;
				GCC_WARN_UNUSED_VARIABLE = YES;
				IPHONEOS_DEPLOYMENT_TARGET = 16.0;
				LOCALIZATION_PREFERS_STRING_CATALOGS = YES;
				MTL_ENABLE_DEBUG_INFO = NO;
				MTL_FAST_MATH = YES;
				SDKROOT = iphoneos;
				SWIFT_COMPILATION_MODE = wholemodule;
				VALIDATE_PRODUCT = YES;
			};
			name = Release;
		};
		DC8FDD912C189317004F1C85 /* Debug */ = {
			isa = XCBuildConfiguration;
			buildSettings = {
				ALWAYS_EMBED_SWIFT_STANDARD_LIBRARIES = YES;
				ASSETCATALOG_COMPILER_APPICON_NAME = AppIcon;
				ASSETCATALOG_COMPILER_GLOBAL_ACCENT_COLOR_NAME = AccentColor;
				CODE_SIGN_ENTITLEMENTS = WBApp/WBApp.entitlements;
				CODE_SIGN_STYLE = Automatic;
				CURRENT_PROJECT_VERSION = 1;
				DEVELOPMENT_ASSET_PATHS = "\"WBApp/Preview Content\"";
				DEVELOPMENT_TEAM = Y36X754HU4;
				ENABLE_PREVIEWS = YES;
				GENERATE_INFOPLIST_FILE = YES;
				INFOPLIST_FILE = WBApp/Info.plist;
				INFOPLIST_KEY_LSApplicationCategoryType = "";
				INFOPLIST_KEY_UIApplicationSceneManifest_Generation = YES;
				INFOPLIST_KEY_UIApplicationSupportsIndirectInputEvents = YES;
				INFOPLIST_KEY_UILaunchScreen_Generation = YES;
				INFOPLIST_KEY_UISupportedInterfaceOrientations_iPad = "UIInterfaceOrientationPortrait UIInterfaceOrientationPortraitUpsideDown UIInterfaceOrientationLandscapeLeft UIInterfaceOrientationLandscapeRight";
				INFOPLIST_KEY_UISupportedInterfaceOrientations_iPhone = "UIInterfaceOrientationPortrait UIInterfaceOrientationLandscapeLeft UIInterfaceOrientationLandscapeRight";
				INFOPLIST_KEY_UIUserInterfaceStyle = Automatic;
				IPHONEOS_DEPLOYMENT_TARGET = 16.0;
				LD_RUNPATH_SEARCH_PATHS = (
					"$(inherited)",
					"@executable_path/Frameworks",
				);
				MARKETING_VERSION = 1.0;
				PRODUCT_BUNDLE_IDENTIFIER = "Nastya-Romanova.WBApp";
				PRODUCT_NAME = "$(TARGET_NAME)";
				SWIFT_EMIT_LOC_STRINGS = YES;
				SWIFT_VERSION = 5.0;
				TARGETED_DEVICE_FAMILY = "1,2";
			};
			name = Debug;
		};
		DC8FDD922C189317004F1C85 /* Release */ = {
			isa = XCBuildConfiguration;
			buildSettings = {
				ALWAYS_EMBED_SWIFT_STANDARD_LIBRARIES = YES;
				ASSETCATALOG_COMPILER_APPICON_NAME = AppIcon;
				ASSETCATALOG_COMPILER_GLOBAL_ACCENT_COLOR_NAME = AccentColor;
				CODE_SIGN_ENTITLEMENTS = WBApp/WBApp.entitlements;
				CODE_SIGN_STYLE = Automatic;
				CURRENT_PROJECT_VERSION = 1;
				DEVELOPMENT_ASSET_PATHS = "\"WBApp/Preview Content\"";
				DEVELOPMENT_TEAM = Y36X754HU4;
				ENABLE_PREVIEWS = YES;
				GENERATE_INFOPLIST_FILE = YES;
				INFOPLIST_FILE = WBApp/Info.plist;
				INFOPLIST_KEY_LSApplicationCategoryType = "";
				INFOPLIST_KEY_UIApplicationSceneManifest_Generation = YES;
				INFOPLIST_KEY_UIApplicationSupportsIndirectInputEvents = YES;
				INFOPLIST_KEY_UILaunchScreen_Generation = YES;
				INFOPLIST_KEY_UISupportedInterfaceOrientations_iPad = "UIInterfaceOrientationPortrait UIInterfaceOrientationPortraitUpsideDown UIInterfaceOrientationLandscapeLeft UIInterfaceOrientationLandscapeRight";
				INFOPLIST_KEY_UISupportedInterfaceOrientations_iPhone = "UIInterfaceOrientationPortrait UIInterfaceOrientationLandscapeLeft UIInterfaceOrientationLandscapeRight";
				INFOPLIST_KEY_UIUserInterfaceStyle = Automatic;
				IPHONEOS_DEPLOYMENT_TARGET = 16.0;
				LD_RUNPATH_SEARCH_PATHS = (
					"$(inherited)",
					"@executable_path/Frameworks",
				);
				MARKETING_VERSION = 1.0;
				PRODUCT_BUNDLE_IDENTIFIER = "Nastya-Romanova.WBApp";
				PRODUCT_NAME = "$(TARGET_NAME)";
				SWIFT_EMIT_LOC_STRINGS = YES;
				SWIFT_VERSION = 5.0;
				TARGETED_DEVICE_FAMILY = "1,2";
			};
			name = Release;
		};
		DCE270F72C2AE99E00FC0538 /* Debug */ = {
			isa = XCBuildConfiguration;
			buildSettings = {
				ASSETCATALOG_COMPILER_GLOBAL_ACCENT_COLOR_NAME = AccentColor;
				ASSETCATALOG_COMPILER_WIDGET_BACKGROUND_COLOR_NAME = WidgetBackground;
				CODE_SIGN_ENTITLEMENTS = WBAppWidgetExtension.entitlements;
				CODE_SIGN_STYLE = Automatic;
				CURRENT_PROJECT_VERSION = 1;
				DEVELOPMENT_TEAM = Y36X754HU4;
				GENERATE_INFOPLIST_FILE = YES;
				INFOPLIST_FILE = WBAppWidget/Info.plist;
				INFOPLIST_KEY_CFBundleDisplayName = WBAppWidget;
				INFOPLIST_KEY_NSHumanReadableCopyright = "";
				IPHONEOS_DEPLOYMENT_TARGET = 17.5;
				LD_RUNPATH_SEARCH_PATHS = (
					"$(inherited)",
					"@executable_path/Frameworks",
					"@executable_path/../../Frameworks",
				);
				MARKETING_VERSION = 1.0;
				PRODUCT_BUNDLE_IDENTIFIER = "Nastya-Romanova.WBApp.WBAppWidget";
				PRODUCT_NAME = "$(TARGET_NAME)";
				SKIP_INSTALL = YES;
				SWIFT_EMIT_LOC_STRINGS = YES;
				SWIFT_VERSION = 5.0;
				TARGETED_DEVICE_FAMILY = "1,2";
			};
			name = Debug;
		};
		DCE270F82C2AE99E00FC0538 /* Release */ = {
			isa = XCBuildConfiguration;
			buildSettings = {
				ASSETCATALOG_COMPILER_GLOBAL_ACCENT_COLOR_NAME = AccentColor;
				ASSETCATALOG_COMPILER_WIDGET_BACKGROUND_COLOR_NAME = WidgetBackground;
				CODE_SIGN_ENTITLEMENTS = WBAppWidgetExtension.entitlements;
				CODE_SIGN_STYLE = Automatic;
				CURRENT_PROJECT_VERSION = 1;
				DEVELOPMENT_TEAM = Y36X754HU4;
				GENERATE_INFOPLIST_FILE = YES;
				INFOPLIST_FILE = WBAppWidget/Info.plist;
				INFOPLIST_KEY_CFBundleDisplayName = WBAppWidget;
				INFOPLIST_KEY_NSHumanReadableCopyright = "";
				IPHONEOS_DEPLOYMENT_TARGET = 17.5;
				LD_RUNPATH_SEARCH_PATHS = (
					"$(inherited)",
					"@executable_path/Frameworks",
					"@executable_path/../../Frameworks",
				);
				MARKETING_VERSION = 1.0;
				PRODUCT_BUNDLE_IDENTIFIER = "Nastya-Romanova.WBApp.WBAppWidget";
				PRODUCT_NAME = "$(TARGET_NAME)";
				SKIP_INSTALL = YES;
				SWIFT_EMIT_LOC_STRINGS = YES;
				SWIFT_VERSION = 5.0;
				TARGETED_DEVICE_FAMILY = "1,2";
			};
			name = Release;
		};
/* End XCBuildConfiguration section */

/* Begin XCConfigurationList section */
		DC8FDD7D2C189316004F1C85 /* Build configuration list for PBXProject "WBApp" */ = {
			isa = XCConfigurationList;
			buildConfigurations = (
				DC8FDD8E2C189317004F1C85 /* Debug */,
				DC8FDD8F2C189317004F1C85 /* Release */,
			);
			defaultConfigurationIsVisible = 0;
			defaultConfigurationName = Release;
		};
		DC8FDD902C189317004F1C85 /* Build configuration list for PBXNativeTarget "WBApp" */ = {
			isa = XCConfigurationList;
			buildConfigurations = (
				DC8FDD912C189317004F1C85 /* Debug */,
				DC8FDD922C189317004F1C85 /* Release */,
			);
			defaultConfigurationIsVisible = 0;
			defaultConfigurationName = Release;
		};
		DCE270F62C2AE99E00FC0538 /* Build configuration list for PBXNativeTarget "WBAppWidgetExtension" */ = {
			isa = XCConfigurationList;
			buildConfigurations = (
				DCE270F72C2AE99E00FC0538 /* Debug */,
				DCE270F82C2AE99E00FC0538 /* Release */,
			);
			defaultConfigurationIsVisible = 0;
			defaultConfigurationName = Release;
		};
/* End XCConfigurationList section */
	};
	rootObject = DC8FDD7A2C189316004F1C85 /* Project object */;
}
