// !$*UTF8*$!
{
	archiveVersion = 1;
	classes = {
	};
	objectVersion = 56;
	objects = {

/* Begin PBXBuildFile section */
		DC05577C2C1A0A2900A5D77B /* UniversalButton.swift in Sources */ = {isa = PBXBuildFile; fileRef = DC05577B2C1A0A2900A5D77B /* UniversalButton.swift */; };
		DC2944662C1ED9B400D31860 /* SFProDisplay-Bold.otf in Resources */ = {isa = PBXBuildFile; fileRef = DC2944542C1ED9B200D31860 /* SFProDisplay-Bold.otf */; };
		DC2944722C1ED9B400D31860 /* SFProDisplay-Regular.otf in Resources */ = {isa = PBXBuildFile; fileRef = DC2944602C1ED9B400D31860 /* SFProDisplay-Regular.otf */; };
		DC2944792C1EDFB100D31860 /* SFProDisplay-Semibold.otf in Resources */ = {isa = PBXBuildFile; fileRef = DC2944782C1EDFB100D31860 /* SFProDisplay-Semibold.otf */; };
		DC2944852C1F0BB900D31860 /* Localizable.xcstrings in Resources */ = {isa = PBXBuildFile; fileRef = DC2944842C1F0BB900D31860 /* Localizable.xcstrings */; };
		DC2944872C1F1B9F00D31860 /* Extensions+String.swift in Sources */ = {isa = PBXBuildFile; fileRef = DC2944862C1F1B9F00D31860 /* Extensions+String.swift */; };
		DC2944892C1F1E7500D31860 /* Extensions+Text.swift in Sources */ = {isa = PBXBuildFile; fileRef = DC2944882C1F1E7500D31860 /* Extensions+Text.swift */; };
		DC66638F2C1B2E3500350A45 /* Colors.xcassets in Resources */ = {isa = PBXBuildFile; fileRef = DC66638E2C1B2E3500350A45 /* Colors.xcassets */; };
		DC8FDD862C189316004F1C85 /* WBApp.swift in Sources */ = {isa = PBXBuildFile; fileRef = DC8FDD852C189316004F1C85 /* WBApp.swift */; };
		DC8FDD882C189316004F1C85 /* OnboardingView.swift in Sources */ = {isa = PBXBuildFile; fileRef = DC8FDD872C189316004F1C85 /* OnboardingView.swift */; };
		DC8FDD8A2C189317004F1C85 /* Images.xcassets in Resources */ = {isa = PBXBuildFile; fileRef = DC8FDD892C189317004F1C85 /* Images.xcassets */; };
		DC8FDD8D2C189317004F1C85 /* Preview Assets.xcassets in Resources */ = {isa = PBXBuildFile; fileRef = DC8FDD8C2C189317004F1C85 /* Preview Assets.xcassets */; };
		DCA5F0E92C1F25A3001BE726 /* SecondView.swift in Sources */ = {isa = PBXBuildFile; fileRef = DCA5F0E82C1F25A3001BE726 /* SecondView.swift */; };
/* End PBXBuildFile section */

/* Begin PBXFileReference section */
		DC05577B2C1A0A2900A5D77B /* UniversalButton.swift */ = {isa = PBXFileReference; lastKnownFileType = sourcecode.swift; path = UniversalButton.swift; sourceTree = "<group>"; };
		DC2944542C1ED9B200D31860 /* SFProDisplay-Bold.otf */ = {isa = PBXFileReference; lastKnownFileType = file; path = "SFProDisplay-Bold.otf"; sourceTree = "<group>"; };
		DC2944602C1ED9B400D31860 /* SFProDisplay-Regular.otf */ = {isa = PBXFileReference; lastKnownFileType = file; path = "SFProDisplay-Regular.otf"; sourceTree = "<group>"; };
		DC2944782C1EDFB100D31860 /* SFProDisplay-Semibold.otf */ = {isa = PBXFileReference; lastKnownFileType = file; path = "SFProDisplay-Semibold.otf"; sourceTree = "<group>"; };
		DC2944842C1F0BB900D31860 /* Localizable.xcstrings */ = {isa = PBXFileReference; lastKnownFileType = text.json.xcstrings; path = Localizable.xcstrings; sourceTree = "<group>"; };
		DC2944862C1F1B9F00D31860 /* Extensions+String.swift */ = {isa = PBXFileReference; lastKnownFileType = sourcecode.swift; path = "Extensions+String.swift"; sourceTree = "<group>"; };
		DC2944882C1F1E7500D31860 /* Extensions+Text.swift */ = {isa = PBXFileReference; lastKnownFileType = sourcecode.swift; path = "Extensions+Text.swift"; sourceTree = "<group>"; };
		DC65168E2C1B230100D49726 /* Info.plist */ = {isa = PBXFileReference; lastKnownFileType = text.plist.xml; path = Info.plist; sourceTree = "<group>"; };
		DC66638E2C1B2E3500350A45 /* Colors.xcassets */ = {isa = PBXFileReference; lastKnownFileType = folder.assetcatalog; path = Colors.xcassets; sourceTree = "<group>"; };
		DC8FDD822C189316004F1C85 /* WBApp.app */ = {isa = PBXFileReference; explicitFileType = wrapper.application; includeInIndex = 0; path = WBApp.app; sourceTree = BUILT_PRODUCTS_DIR; };
		DC8FDD852C189316004F1C85 /* WBApp.swift */ = {isa = PBXFileReference; lastKnownFileType = sourcecode.swift; path = WBApp.swift; sourceTree = "<group>"; };
		DC8FDD872C189316004F1C85 /* OnboardingView.swift */ = {isa = PBXFileReference; lastKnownFileType = sourcecode.swift; path = OnboardingView.swift; sourceTree = "<group>"; };
		DC8FDD892C189317004F1C85 /* Images.xcassets */ = {isa = PBXFileReference; lastKnownFileType = folder.assetcatalog; path = Images.xcassets; sourceTree = "<group>"; };
		DC8FDD8C2C189317004F1C85 /* Preview Assets.xcassets */ = {isa = PBXFileReference; lastKnownFileType = folder.assetcatalog; path = "Preview Assets.xcassets"; sourceTree = "<group>"; };
		DCA5F0E82C1F25A3001BE726 /* SecondView.swift */ = {isa = PBXFileReference; lastKnownFileType = sourcecode.swift; path = SecondView.swift; sourceTree = "<group>"; };
/* End PBXFileReference section */

/* Begin PBXFrameworksBuildPhase section */
		DC8FDD7F2C189316004F1C85 /* Frameworks */ = {
			isa = PBXFrameworksBuildPhase;
			buildActionMask = 2147483647;
			files = (
			);
			runOnlyForDeploymentPostprocessing = 0;
		};
/* End PBXFrameworksBuildPhase section */

/* Begin PBXGroup section */
		DC0E06942C1ED17C00345686 /* Fonts */ = {
			isa = PBXGroup;
			children = (
				DC2944542C1ED9B200D31860 /* SFProDisplay-Bold.otf */,
				DC2944602C1ED9B400D31860 /* SFProDisplay-Regular.otf */,
				DC2944782C1EDFB100D31860 /* SFProDisplay-Semibold.otf */,
			);
			path = Fonts;
			sourceTree = "<group>";
		};
		DC29447E2C1EF14F00D31860 /* Colors */ = {
			isa = PBXGroup;
			children = (
				DC66638E2C1B2E3500350A45 /* Colors.xcassets */,
			);
			path = Colors;
			sourceTree = "<group>";
		};
		DC29447F2C1EF15D00D31860 /* Images */ = {
			isa = PBXGroup;
			children = (
				DC8FDD892C189317004F1C85 /* Images.xcassets */,
			);
			path = Images;
			sourceTree = "<group>";
		};
		DC8FDD792C189316004F1C85 = {
			isa = PBXGroup;
			children = (
				DC8FDD842C189316004F1C85 /* WBApp */,
				DC8FDD832C189316004F1C85 /* Products */,
			);
			sourceTree = "<group>";
		};
		DC8FDD832C189316004F1C85 /* Products */ = {
			isa = PBXGroup;
			children = (
				DC8FDD822C189316004F1C85 /* WBApp.app */,
			);
			name = Products;
			sourceTree = "<group>";
		};
		DC8FDD842C189316004F1C85 /* WBApp */ = {
			isa = PBXGroup;
			children = (
				DCA5F0EA2C1F4A69001BE726 /* Resources */,
				DCA5F0EB2C1F4B56001BE726 /* Extensions */,
				DC8FDD852C189316004F1C85 /* WBApp.swift */,
				DC8FDD872C189316004F1C85 /* OnboardingView.swift */,
				DC05577B2C1A0A2900A5D77B /* UniversalButton.swift */,
				DCA5F0E82C1F25A3001BE726 /* SecondView.swift */,
				DC65168E2C1B230100D49726 /* Info.plist */,
				DC8FDD8B2C189317004F1C85 /* Preview Content */,
			);
			path = WBApp;
			sourceTree = "<group>";
		};
		DC8FDD8B2C189317004F1C85 /* Preview Content */ = {
			isa = PBXGroup;
			children = (
				DC8FDD8C2C189317004F1C85 /* Preview Assets.xcassets */,
			);
			path = "Preview Content";
			sourceTree = "<group>";
		};
		DCA5F0EA2C1F4A69001BE726 /* Resources */ = {
			isa = PBXGroup;
			children = (
				DC29447E2C1EF14F00D31860 /* Colors */,
				DC0E06942C1ED17C00345686 /* Fonts */,
				DC29447F2C1EF15D00D31860 /* Images */,
				DC2944842C1F0BB900D31860 /* Localizable.xcstrings */,
			);
			path = Resources;
			sourceTree = "<group>";
		};
		DCA5F0EB2C1F4B56001BE726 /* Extensions */ = {
			isa = PBXGroup;
			children = (
				DC2944882C1F1E7500D31860 /* Extensions+Text.swift */,
				DC2944862C1F1B9F00D31860 /* Extensions+String.swift */,
			);
			path = Extensions;
			sourceTree = "<group>";
		};
/* End PBXGroup section */

/* Begin PBXNativeTarget section */
		DC8FDD812C189316004F1C85 /* WBApp */ = {
			isa = PBXNativeTarget;
			buildConfigurationList = DC8FDD902C189317004F1C85 /* Build configuration list for PBXNativeTarget "WBApp" */;
			buildPhases = (
				DC8FDD7E2C189316004F1C85 /* Sources */,
				DC8FDD7F2C189316004F1C85 /* Frameworks */,
				DC8FDD802C189316004F1C85 /* Resources */,
			);
			buildRules = (
			);
			dependencies = (
			);
			name = WBApp;
			productName = WBApp;
			productReference = DC8FDD822C189316004F1C85 /* WBApp.app */;
			productType = "com.apple.product-type.application";
		};
/* End PBXNativeTarget section */

/* Begin PBXProject section */
		DC8FDD7A2C189316004F1C85 /* Project object */ = {
			isa = PBXProject;
			attributes = {
				BuildIndependentTargetsInParallel = 1;
				LastSwiftUpdateCheck = 1540;
				LastUpgradeCheck = 1540;
				TargetAttributes = {
					DC8FDD812C189316004F1C85 = {
						CreatedOnToolsVersion = 15.4;
					};
				};
			};
			buildConfigurationList = DC8FDD7D2C189316004F1C85 /* Build configuration list for PBXProject "WBApp" */;
			compatibilityVersion = "Xcode 14.0";
			developmentRegion = ru;
			hasScannedForEncodings = 0;
			knownRegions = (
				Base,
				ru,
			);
			mainGroup = DC8FDD792C189316004F1C85;
			productRefGroup = DC8FDD832C189316004F1C85 /* Products */;
			projectDirPath = "";
			projectRoot = "";
			targets = (
				DC8FDD812C189316004F1C85 /* WBApp */,
			);
		};
/* End PBXProject section */

/* Begin PBXResourcesBuildPhase section */
		DC8FDD802C189316004F1C85 /* Resources */ = {
			isa = PBXResourcesBuildPhase;
			buildActionMask = 2147483647;
			files = (
				DC2944792C1EDFB100D31860 /* SFProDisplay-Semibold.otf in Resources */,
				DC66638F2C1B2E3500350A45 /* Colors.xcassets in Resources */,
				DC8FDD8D2C189317004F1C85 /* Preview Assets.xcassets in Resources */,
				DC2944662C1ED9B400D31860 /* SFProDisplay-Bold.otf in Resources */,
				DC8FDD8A2C189317004F1C85 /* Images.xcassets in Resources */,
				DC2944852C1F0BB900D31860 /* Localizable.xcstrings in Resources */,
				DC2944722C1ED9B400D31860 /* SFProDisplay-Regular.otf in Resources */,
			);
			runOnlyForDeploymentPostprocessing = 0;
		};
/* End PBXResourcesBuildPhase section */

/* Begin PBXSourcesBuildPhase section */
		DC8FDD7E2C189316004F1C85 /* Sources */ = {
			isa = PBXSourcesBuildPhase;
			buildActionMask = 2147483647;
			files = (
				DC2944872C1F1B9F00D31860 /* Extensions+String.swift in Sources */,
				DC2944892C1F1E7500D31860 /* Extensions+Text.swift in Sources */,
				DC05577C2C1A0A2900A5D77B /* UniversalButton.swift in Sources */,
				DCA5F0E92C1F25A3001BE726 /* SecondView.swift in Sources */,
				DC8FDD882C189316004F1C85 /* OnboardingView.swift in Sources */,
				DC8FDD862C189316004F1C85 /* WBApp.swift in Sources */,
			);
			runOnlyForDeploymentPostprocessing = 0;
		};
/* End PBXSourcesBuildPhase section */

/* Begin XCBuildConfiguration section */
		DC8FDD8E2C189317004F1C85 /* Debug */ = {
			isa = XCBuildConfiguration;
			buildSettings = {
				ALWAYS_SEARCH_USER_PATHS = NO;
				ASSETCATALOG_COMPILER_GENERATE_SWIFT_ASSET_SYMBOL_EXTENSIONS = YES;
				CLANG_ANALYZER_NONNULL = YES;
				CLANG_ANALYZER_NUMBER_OBJECT_CONVERSION = YES_AGGRESSIVE;
				CLANG_CXX_LANGUAGE_STANDARD = "gnu++20";
				CLANG_ENABLE_MODULES = YES;
				CLANG_ENABLE_OBJC_ARC = YES;
				CLANG_ENABLE_OBJC_WEAK = YES;
				CLANG_WARN_BLOCK_CAPTURE_AUTORELEASING = YES;
				CLANG_WARN_BOOL_CONVERSION = YES;
				CLANG_WARN_COMMA = YES;
				CLANG_WARN_CONSTANT_CONVERSION = YES;
				CLANG_WARN_DEPRECATED_OBJC_IMPLEMENTATIONS = YES;
				CLANG_WARN_DIRECT_OBJC_ISA_USAGE = YES_ERROR;
				CLANG_WARN_DOCUMENTATION_COMMENTS = YES;
				CLANG_WARN_EMPTY_BODY = YES;
				CLANG_WARN_ENUM_CONVERSION = YES;
				CLANG_WARN_INFINITE_RECURSION = YES;
				CLANG_WARN_INT_CONVERSION = YES;
				CLANG_WARN_NON_LITERAL_NULL_CONVERSION = YES;
				CLANG_WARN_OBJC_IMPLICIT_RETAIN_SELF = YES;
				CLANG_WARN_OBJC_LITERAL_CONVERSION = YES;
				CLANG_WARN_OBJC_ROOT_CLASS = YES_ERROR;
				CLANG_WARN_QUOTED_INCLUDE_IN_FRAMEWORK_HEADER = YES;
				CLANG_WARN_RANGE_LOOP_ANALYSIS = YES;
				CLANG_WARN_STRICT_PROTOTYPES = YES;
				CLANG_WARN_SUSPICIOUS_MOVE = YES;
				CLANG_WARN_UNGUARDED_AVAILABILITY = YES_AGGRESSIVE;
				CLANG_WARN_UNREACHABLE_CODE = YES;
				CLANG_WARN__DUPLICATE_METHOD_MATCH = YES;
				COPY_PHASE_STRIP = NO;
				DEBUG_INFORMATION_FORMAT = dwarf;
				ENABLE_STRICT_OBJC_MSGSEND = YES;
				ENABLE_TESTABILITY = YES;
				ENABLE_USER_SCRIPT_SANDBOXING = YES;
				GCC_C_LANGUAGE_STANDARD = gnu17;
				GCC_DYNAMIC_NO_PIC = NO;
				GCC_NO_COMMON_BLOCKS = YES;
				GCC_OPTIMIZATION_LEVEL = 0;
				GCC_PREPROCESSOR_DEFINITIONS = (
					"DEBUG=1",
					"$(inherited)",
				);
				GCC_WARN_64_TO_32_BIT_CONVERSION = YES;
				GCC_WARN_ABOUT_RETURN_TYPE = YES_ERROR;
				GCC_WARN_UNDECLARED_SELECTOR = YES;
				GCC_WARN_UNINITIALIZED_AUTOS = YES_AGGRESSIVE;
				GCC_WARN_UNUSED_FUNCTION = YES;
				GCC_WARN_UNUSED_VARIABLE = YES;
				IPHONEOS_DEPLOYMENT_TARGET = 16.0;
				LOCALIZATION_PREFERS_STRING_CATALOGS = YES;
				MTL_ENABLE_DEBUG_INFO = INCLUDE_SOURCE;
				MTL_FAST_MATH = YES;
				ONLY_ACTIVE_ARCH = YES;
				SDKROOT = iphoneos;
				SWIFT_ACTIVE_COMPILATION_CONDITIONS = "DEBUG $(inherited)";
				SWIFT_OPTIMIZATION_LEVEL = "-Onone";
			};
			name = Debug;
		};
		DC8FDD8F2C189317004F1C85 /* Release */ = {
			isa = XCBuildConfiguration;
			buildSettings = {
				ALWAYS_SEARCH_USER_PATHS = NO;
				ASSETCATALOG_COMPILER_GENERATE_SWIFT_ASSET_SYMBOL_EXTENSIONS = YES;
				CLANG_ANALYZER_NONNULL = YES;
				CLANG_ANALYZER_NUMBER_OBJECT_CONVERSION = YES_AGGRESSIVE;
				CLANG_CXX_LANGUAGE_STANDARD = "gnu++20";
				CLANG_ENABLE_MODULES = YES;
				CLANG_ENABLE_OBJC_ARC = YES;
				CLANG_ENABLE_OBJC_WEAK = YES;
				CLANG_WARN_BLOCK_CAPTURE_AUTORELEASING = YES;
				CLANG_WARN_BOOL_CONVERSION = YES;
				CLANG_WARN_COMMA = YES;
				CLANG_WARN_CONSTANT_CONVERSION = YES;
				CLANG_WARN_DEPRECATED_OBJC_IMPLEMENTATIONS = YES;
				CLANG_WARN_DIRECT_OBJC_ISA_USAGE = YES_ERROR;
				CLANG_WARN_DOCUMENTATION_COMMENTS = YES;
				CLANG_WARN_EMPTY_BODY = YES;
				CLANG_WARN_ENUM_CONVERSION = YES;
				CLANG_WARN_INFINITE_RECURSION = YES;
				CLANG_WARN_INT_CONVERSION = YES;
				CLANG_WARN_NON_LITERAL_NULL_CONVERSION = YES;
				CLANG_WARN_OBJC_IMPLICIT_RETAIN_SELF = YES;
				CLANG_WARN_OBJC_LITERAL_CONVERSION = YES;
				CLANG_WARN_OBJC_ROOT_CLASS = YES_ERROR;
				CLANG_WARN_QUOTED_INCLUDE_IN_FRAMEWORK_HEADER = YES;
				CLANG_WARN_RANGE_LOOP_ANALYSIS = YES;
				CLANG_WARN_STRICT_PROTOTYPES = YES;
				CLANG_WARN_SUSPICIOUS_MOVE = YES;
				CLANG_WARN_UNGUARDED_AVAILABILITY = YES_AGGRESSIVE;
				CLANG_WARN_UNREACHABLE_CODE = YES;
				CLANG_WARN__DUPLICATE_METHOD_MATCH = YES;
				COPY_PHASE_STRIP = NO;
				DEBUG_INFORMATION_FORMAT = "dwarf-with-dsym";
				ENABLE_NS_ASSERTIONS = NO;
				ENABLE_STRICT_OBJC_MSGSEND = YES;
				ENABLE_USER_SCRIPT_SANDBOXING = YES;
				GCC_C_LANGUAGE_STANDARD = gnu17;
				GCC_NO_COMMON_BLOCKS = YES;
				GCC_WARN_64_TO_32_BIT_CONVERSION = YES;
				GCC_WARN_ABOUT_RETURN_TYPE = YES_ERROR;
				GCC_WARN_UNDECLARED_SELECTOR = YES;
				GCC_WARN_UNINITIALIZED_AUTOS = YES_AGGRESSIVE;
				GCC_WARN_UNUSED_FUNCTION = YES;
				GCC_WARN_UNUSED_VARIABLE = YES;
				IPHONEOS_DEPLOYMENT_TARGET = 16.0;
				LOCALIZATION_PREFERS_STRING_CATALOGS = YES;
				MTL_ENABLE_DEBUG_INFO = NO;
				MTL_FAST_MATH = YES;
				SDKROOT = iphoneos;
				SWIFT_COMPILATION_MODE = wholemodule;
				VALIDATE_PRODUCT = YES;
			};
			name = Release;
		};
		DC8FDD912C189317004F1C85 /* Debug */ = {
			isa = XCBuildConfiguration;
			buildSettings = {
				ASSETCATALOG_COMPILER_APPICON_NAME = AppIcon;
				ASSETCATALOG_COMPILER_GLOBAL_ACCENT_COLOR_NAME = AccentColor;
				CODE_SIGN_STYLE = Automatic;
				CURRENT_PROJECT_VERSION = 1;
				DEVELOPMENT_ASSET_PATHS = "\"WBApp/Preview Content\"";
				DEVELOPMENT_TEAM = Y36X754HU4;
				ENABLE_PREVIEWS = YES;
				GENERATE_INFOPLIST_FILE = YES;
				INFOPLIST_FILE = WBApp/Info.plist;
				INFOPLIST_KEY_LSApplicationCategoryType = "";
				INFOPLIST_KEY_UIApplicationSceneManifest_Generation = YES;
				INFOPLIST_KEY_UIApplicationSupportsIndirectInputEvents = YES;
				INFOPLIST_KEY_UILaunchScreen_Generation = YES;
				INFOPLIST_KEY_UISupportedInterfaceOrientations_iPad = "UIInterfaceOrientationPortrait UIInterfaceOrientationPortraitUpsideDown UIInterfaceOrientationLandscapeLeft UIInterfaceOrientationLandscapeRight";
				INFOPLIST_KEY_UISupportedInterfaceOrientations_iPhone = "UIInterfaceOrientationPortrait UIInterfaceOrientationLandscapeLeft UIInterfaceOrientationLandscapeRight";
				INFOPLIST_KEY_UIUserInterfaceStyle = Automatic;
				IPHONEOS_DEPLOYMENT_TARGET = 16.0;
				LD_RUNPATH_SEARCH_PATHS = (
					"$(inherited)",
					"@executable_path/Frameworks",
				);
				MARKETING_VERSION = 1.0;
				PRODUCT_BUNDLE_IDENTIFIER = "Nastya-Romanova.WBApp";
				PRODUCT_NAME = "$(TARGET_NAME)";
				SWIFT_EMIT_LOC_STRINGS = YES;
				SWIFT_VERSION = 5.0;
				TARGETED_DEVICE_FAMILY = "1,2";
			};
			name = Debug;
		};
		DC8FDD922C189317004F1C85 /* Release */ = {
			isa = XCBuildConfiguration;
			buildSettings = {
				ASSETCATALOG_COMPILER_APPICON_NAME = AppIcon;
				ASSETCATALOG_COMPILER_GLOBAL_ACCENT_COLOR_NAME = AccentColor;
				CODE_SIGN_STYLE = Automatic;
				CURRENT_PROJECT_VERSION = 1;
				DEVELOPMENT_ASSET_PATHS = "\"WBApp/Preview Content\"";
				DEVELOPMENT_TEAM = Y36X754HU4;
				ENABLE_PREVIEWS = YES;
				GENERATE_INFOPLIST_FILE = YES;
				INFOPLIST_FILE = WBApp/Info.plist;
				INFOPLIST_KEY_LSApplicationCategoryType = "";
				INFOPLIST_KEY_UIApplicationSceneManifest_Generation = YES;
				INFOPLIST_KEY_UIApplicationSupportsIndirectInputEvents = YES;
				INFOPLIST_KEY_UILaunchScreen_Generation = YES;
				INFOPLIST_KEY_UISupportedInterfaceOrientations_iPad = "UIInterfaceOrientationPortrait UIInterfaceOrientationPortraitUpsideDown UIInterfaceOrientationLandscapeLeft UIInterfaceOrientationLandscapeRight";
				INFOPLIST_KEY_UISupportedInterfaceOrientations_iPhone = "UIInterfaceOrientationPortrait UIInterfaceOrientationLandscapeLeft UIInterfaceOrientationLandscapeRight";
				INFOPLIST_KEY_UIUserInterfaceStyle = Automatic;
				IPHONEOS_DEPLOYMENT_TARGET = 16.0;
				LD_RUNPATH_SEARCH_PATHS = (
					"$(inherited)",
					"@executable_path/Frameworks",
				);
				MARKETING_VERSION = 1.0;
				PRODUCT_BUNDLE_IDENTIFIER = "Nastya-Romanova.WBApp";
				PRODUCT_NAME = "$(TARGET_NAME)";
				SWIFT_EMIT_LOC_STRINGS = YES;
				SWIFT_VERSION = 5.0;
				TARGETED_DEVICE_FAMILY = "1,2";
			};
			name = Release;
		};
/* End XCBuildConfiguration section */

/* Begin XCConfigurationList section */
		DC8FDD7D2C189316004F1C85 /* Build configuration list for PBXProject "WBApp" */ = {
			isa = XCConfigurationList;
			buildConfigurations = (
				DC8FDD8E2C189317004F1C85 /* Debug */,
				DC8FDD8F2C189317004F1C85 /* Release */,
			);
			defaultConfigurationIsVisible = 0;
			defaultConfigurationName = Release;
		};
		DC8FDD902C189317004F1C85 /* Build configuration list for PBXNativeTarget "WBApp" */ = {
			isa = XCConfigurationList;
			buildConfigurations = (
				DC8FDD912C189317004F1C85 /* Debug */,
				DC8FDD922C189317004F1C85 /* Release */,
			);
			defaultConfigurationIsVisible = 0;
			defaultConfigurationName = Release;
		};
/* End XCConfigurationList section */
	};
	rootObject = DC8FDD7A2C189316004F1C85 /* Project object */;
}
